<?xml version="1.0" encoding="utf-8"?>
<Project ToolsVersion="17.0" xmlns="http://schemas.microsoft.com/developer/msbuild/2003">
  <ItemGroup>
    <ClCompile Include="D:\C++ Projects\AnitoTracerInVulkan\src\tracy-0.11.1\getopt\getopt.c">
      <Filter>Source Files</Filter>
    </ClCompile>
  </ItemGroup>
  <ItemGroup>
    <ClInclude Include="D:\C++ Projects\AnitoTracerInVulkan\src\tracy-0.11.1\getopt\getopt.h">
      <Filter>Header Files</Filter>
    </ClInclude>
  </ItemGroup>
  <ItemGroup>
    <CustomBuild Include="D:\C++ Projects\AnitoTracerInVulkan\src\tracy-0.11.1\profiler\CMakeLists.txt" />
  </ItemGroup>
  <ItemGroup>
    <Filter Include="Header Files">
      <UniqueIdentifier>{3B3081EA-0B09-3AFD-B052-38EB995BF305}</UniqueIdentifier>
    </Filter>
    <Filter Include="Source Files">
      <UniqueIdentifier>{0B7AE7B2-D2CE-3785-AB4C-58A3789B0D2B}</UniqueIdentifier>
    </Filter>
  </ItemGroup>
</Project>
