<?xml version="1.0" encoding="utf-8"?>
<Project ToolsVersion="17.0" xmlns="http://schemas.microsoft.com/developer/msbuild/2003">
  <ItemGroup>
    <ClCompile Include="D:\C++ Projects\AnitoTracerInVulkan\src\tracy-0.11.1\imgui\imgui_widgets.cpp">
      <Filter>Source Files</Filter>
    </ClCompile>
    <ClCompile Include="D:\C++ Projects\AnitoTracerInVulkan\src\tracy-0.11.1\imgui\imgui_draw.cpp">
      <Filter>Source Files</Filter>
    </ClCompile>
    <ClCompile Include="D:\C++ Projects\AnitoTracerInVulkan\src\tracy-0.11.1\imgui\imgui_demo.cpp">
      <Filter>Source Files</Filter>
    </ClCompile>
    <ClCompile Include="D:\C++ Projects\AnitoTracerInVulkan\src\tracy-0.11.1\imgui\imgui.cpp">
      <Filter>Source Files</Filter>
    </ClCompile>
    <ClCompile Include="D:\C++ Projects\AnitoTracerInVulkan\src\tracy-0.11.1\imgui\imgui_tables.cpp">
      <Filter>Source Files</Filter>
    </ClCompile>
    <ClCompile Include="D:\C++ Projects\AnitoTracerInVulkan\src\tracy-0.11.1\imgui\misc\freetype\imgui_freetype.cpp">
      <Filter>Source Files</Filter>
    </ClCompile>
  </ItemGroup>
  <ItemGroup>
    <CustomBuild Include="D:\C++ Projects\AnitoTracerInVulkan\src\tracy-0.11.1\profiler\CMakeLists.txt" />
  </ItemGroup>
  <ItemGroup>
    <Filter Include="Source Files">
      <UniqueIdentifier>{0B7AE7B2-D2CE-3785-AB4C-58A3789B0D2B}</UniqueIdentifier>
    </Filter>
  </ItemGroup>
</Project>
