
Microsoft Visual Studio Solution File, Format Version 12.00
# Visual Studio Version 17
Project("{2150E333-8FDC-42A3-9474-1A3956D46DE8}") = "CMakePredefinedTargets", "CMakePredefinedTargets", "{CF112D50-B2C5-3C30-9EEB-50C3CE9485EC}"
EndProject
Project("{2150E333-8FDC-42A3-9474-1A3956D46DE8}") = "GLFW3", "GLFW3", "{2E5F3A85-6FA9-3207-8ABF-0CFBA72597C8}"
EndProject
Project("{8BC9CEB8-8B4A-11D0-8D11-00A0C91BC942}") = "tracy-profiler", "tracy-profiler.vcxproj", "{56DD115E-6326-3A67-8678-7D26061E177D}"
	ProjectSection(ProjectDependencies) = postProject
		{28F966D5-B26B-356E-9275-4AEF33582EC9} = {28F966D5-B26B-356E-9275-4AEF33582EC9}
		{4E73B608-53E2-3364-B268-2694531B3AEB} = {4E73B608-53E2-3364-B268-2694531B3AEB}
		{9C81C9B5-A73A-3456-978F-4F3FA5520B62} = {9C81C9B5-A73A-3456-978F-4F3FA5520B62}
		{16C8D255-5CC8-3A1C-A7D1-E735725A0189} = {16C8D255-5CC8-3A1C-A7D1-E735725A0189}
		{4F5013BD-BE80-365F-B358-79DCC13825AC} = {4F5013BD-BE80-365F-B358-79DCC13825AC}
		{53DED3AE-1C42-36E4-B728-3A6A3C13D170} = {53DED3AE-1C42-36E4-B728-3A6A3C13D170}
		{DD5A30C8-6937-3A7F-897D-E1B5A03F19F2} = {DD5A30C8-6937-3A7F-897D-E1B5A03F19F2}
		{0EE43C79-AAB7-3822-9D22-F27F1E6C0828} = {0EE43C79-AAB7-3822-9D22-F27F1E6C0828}
	EndProjectSection
EndProject
Project("{8BC9CEB8-8B4A-11D0-8D11-00A0C91BC942}") = "ALL_BUILD", "ALL_BUILD.vcxproj", "{CA75BB43-AA72-3958-A412-22AFCAFD368D}"
	ProjectSection(ProjectDependencies) = postProject
		{B5024D2D-A4E5-30AD-8F7E-B60336A0DA24} = {B5024D2D-A4E5-30AD-8F7E-B60336A0DA24}
		{28F966D5-B26B-356E-9275-4AEF33582EC9} = {28F966D5-B26B-356E-9275-4AEF33582EC9}
		{4E73B608-53E2-3364-B268-2694531B3AEB} = {4E73B608-53E2-3364-B268-2694531B3AEB}
		{9C81C9B5-A73A-3456-978F-4F3FA5520B62} = {9C81C9B5-A73A-3456-978F-4F3FA5520B62}
		{16C8D255-5CC8-3A1C-A7D1-E735725A0189} = {16C8D255-5CC8-3A1C-A7D1-E735725A0189}
		{4F5013BD-BE80-365F-B358-79DCC13825AC} = {4F5013BD-BE80-365F-B358-79DCC13825AC}
		{53DED3AE-1C42-36E4-B728-3A6A3C13D170} = {53DED3AE-1C42-36E4-B728-3A6A3C13D170}
		{DD5A30C8-6937-3A7F-897D-E1B5A03F19F2} = {DD5A30C8-6937-3A7F-897D-E1B5A03F19F2}
		{0EE43C79-AAB7-3822-9D22-F27F1E6C0828} = {0EE43C79-AAB7-3822-9D22-F27F1E6C0828}
		{56DD115E-6326-3A67-8678-7D26061E177D} = {56DD115E-6326-3A67-8678-7D26061E177D}
	EndProjectSection
EndProject
Project("{8BC9CEB8-8B4A-11D0-8D11-00A0C91BC942}") = "INSTALL", "INSTALL.vcxproj", "{34B14206-C48F-3166-AD0E-38050C28C1EF}"
	ProjectSection(ProjectDependencies) = postProject
		{CA75BB43-AA72-3958-A412-22AFCAFD368D} = {CA75BB43-AA72-3958-A412-22AFCAFD368D}
		{4F5013BD-BE80-365F-B358-79DCC13825AC} = {4F5013BD-BE80-365F-B358-79DCC13825AC}
	EndProjectSection
EndProject
Project("{8BC9CEB8-8B4A-11D0-8D11-00A0C91BC942}") = "PACKAGE", "PACKAGE.vcxproj", "{4AE13573-A9EF-3537-A786-D9C73A8D5ECC}"
	ProjectSection(ProjectDependencies) = postProject
		{CA75BB43-AA72-3958-A412-22AFCAFD368D} = {CA75BB43-AA72-3958-A412-22AFCAFD368D}
		{4F5013BD-BE80-365F-B358-79DCC13825AC} = {4F5013BD-BE80-365F-B358-79DCC13825AC}
	EndProjectSection
EndProject
Project("{8BC9CEB8-8B4A-11D0-8D11-00A0C91BC942}") = "TracyGetOpt", "TracyGetOpt.vcxproj", "{B5024D2D-A4E5-30AD-8F7E-B60336A0DA24}"
	ProjectSection(ProjectDependencies) = postProject
		{4F5013BD-BE80-365F-B358-79DCC13825AC} = {4F5013BD-BE80-365F-B358-79DCC13825AC}
	EndProjectSection
EndProject
Project("{8BC9CEB8-8B4A-11D0-8D11-00A0C91BC942}") = "TracyImGui", "TracyImGui.vcxproj", "{28F966D5-B26B-356E-9275-4AEF33582EC9}"
	ProjectSection(ProjectDependencies) = postProject
		{4F5013BD-BE80-365F-B358-79DCC13825AC} = {4F5013BD-BE80-365F-B358-79DCC13825AC}
		{DD5A30C8-6937-3A7F-897D-E1B5A03F19F2} = {DD5A30C8-6937-3A7F-897D-E1B5A03F19F2}
	EndProjectSection
EndProject
Project("{8BC9CEB8-8B4A-11D0-8D11-00A0C91BC942}") = "TracyNfd", "TracyNfd.vcxproj", "{4E73B608-53E2-3364-B268-2694531B3AEB}"
	ProjectSection(ProjectDependencies) = postProject
		{4F5013BD-BE80-365F-B358-79DCC13825AC} = {4F5013BD-BE80-365F-B358-79DCC13825AC}
	EndProjectSection
EndProject
Project("{8BC9CEB8-8B4A-11D0-8D11-00A0C91BC942}") = "TracyServer", "TracyServer.vcxproj", "{9C81C9B5-A73A-3456-978F-4F3FA5520B62}"
	ProjectSection(ProjectDependencies) = postProject
		{16C8D255-5CC8-3A1C-A7D1-E735725A0189} = {16C8D255-5CC8-3A1C-A7D1-E735725A0189}
		{4F5013BD-BE80-365F-B358-79DCC13825AC} = {4F5013BD-BE80-365F-B358-79DCC13825AC}
		{53DED3AE-1C42-36E4-B728-3A6A3C13D170} = {53DED3AE-1C42-36E4-B728-3A6A3C13D170}
	EndProjectSection
EndProject
Project("{8BC9CEB8-8B4A-11D0-8D11-00A0C91BC942}") = "TracyZstd", "TracyZstd.vcxproj", "{16C8D255-5CC8-3A1C-A7D1-E735725A0189}"
	ProjectSection(ProjectDependencies) = postProject
		{4F5013BD-BE80-365F-B358-79DCC13825AC} = {4F5013BD-BE80-365F-B358-79DCC13825AC}
	EndProjectSection
EndProject
Project("{8BC9CEB8-8B4A-11D0-8D11-00A0C91BC942}") = "ZERO_CHECK", "ZERO_CHECK.vcxproj", "{4F5013BD-BE80-365F-B358-79DCC13825AC}"
	ProjectSection(ProjectDependencies) = postProject
	EndProjectSection
EndProject
Project("{8BC9CEB8-8B4A-11D0-8D11-00A0C91BC942}") = "capstone", "_deps\capstone-build\capstone.vcxproj", "{53DED3AE-1C42-36E4-B728-3A6A3C13D170}"
	ProjectSection(ProjectDependencies) = postProject
		{4F5013BD-BE80-365F-B358-79DCC13825AC} = {4F5013BD-BE80-365F-B358-79DCC13825AC}
	EndProjectSection
EndProject
Project("{8BC9CEB8-8B4A-11D0-8D11-00A0C91BC942}") = "freetype", "_deps\freetype-build\freetype.vcxproj", "{DD5A30C8-6937-3A7F-897D-E1B5A03F19F2}"
	ProjectSection(ProjectDependencies) = postProject
		{4F5013BD-BE80-365F-B358-79DCC13825AC} = {4F5013BD-BE80-365F-B358-79DCC13825AC}
	EndProjectSection
EndProject
Project("{8BC9CEB8-8B4A-11D0-8D11-00A0C91BC942}") = "glfw", "_deps\glfw-build\src\glfw.vcxproj", "{0EE43C79-AAB7-3822-9D22-F27F1E6C0828}"
	ProjectSection(ProjectDependencies) = postProject
		{4F5013BD-BE80-365F-B358-79DCC13825AC} = {4F5013BD-BE80-365F-B358-79DCC13825AC}
	EndProjectSection
EndProject
Project("{8BC9CEB8-8B4A-11D0-8D11-00A0C91BC942}") = "update_mappings", "_deps\glfw-build\src\update_mappings.vcxproj", "{EBC79AD2-0E78-3E76-9EA4-C03B7AC57920}"
	ProjectSection(ProjectDependencies) = postProject
		{4F5013BD-BE80-365F-B358-79DCC13825AC} = {4F5013BD-BE80-365F-B358-79DCC13825AC}
	EndProjectSection
EndProject
Global
	GlobalSection(SolutionConfigurationPlatforms) = preSolution
		Debug|x64 = Debug|x64
		Release|x64 = Release|x64
		MinSizeRel|x64 = MinSizeRel|x64
		RelWithDebInfo|x64 = RelWithDebInfo|x64
	EndGlobalSection
	GlobalSection(ProjectConfigurationPlatforms) = postSolution
		{56DD115E-6326-3A67-8678-7D26061E177D}.Debug|x64.ActiveCfg = Debug|x64
		{56DD115E-6326-3A67-8678-7D26061E177D}.Debug|x64.Build.0 = Debug|x64
		{56DD115E-6326-3A67-8678-7D26061E177D}.Release|x64.ActiveCfg = Release|x64
		{56DD115E-6326-3A67-8678-7D26061E177D}.Release|x64.Build.0 = Release|x64
		{56DD115E-6326-3A67-8678-7D26061E177D}.MinSizeRel|x64.ActiveCfg = MinSizeRel|x64
		{56DD115E-6326-3A67-8678-7D26061E177D}.MinSizeRel|x64.Build.0 = MinSizeRel|x64
		{56DD115E-6326-3A67-8678-7D26061E177D}.RelWithDebInfo|x64.ActiveCfg = RelWithDebInfo|x64
		{56DD115E-6326-3A67-8678-7D26061E177D}.RelWithDebInfo|x64.Build.0 = RelWithDebInfo|x64
		{CA75BB43-AA72-3958-A412-22AFCAFD368D}.Debug|x64.ActiveCfg = Debug|x64
		{CA75BB43-AA72-3958-A412-22AFCAFD368D}.Debug|x64.Build.0 = Debug|x64
		{CA75BB43-AA72-3958-A412-22AFCAFD368D}.Release|x64.ActiveCfg = Release|x64
		{CA75BB43-AA72-3958-A412-22AFCAFD368D}.Release|x64.Build.0 = Release|x64
		{CA75BB43-AA72-3958-A412-22AFCAFD368D}.MinSizeRel|x64.ActiveCfg = MinSizeRel|x64
		{CA75BB43-AA72-3958-A412-22AFCAFD368D}.MinSizeRel|x64.Build.0 = MinSizeRel|x64
		{CA75BB43-AA72-3958-A412-22AFCAFD368D}.RelWithDebInfo|x64.ActiveCfg = RelWithDebInfo|x64
		{CA75BB43-AA72-3958-A412-22AFCAFD368D}.RelWithDebInfo|x64.Build.0 = RelWithDebInfo|x64
		{34B14206-C48F-3166-AD0E-38050C28C1EF}.Debug|x64.ActiveCfg = Debug|x64
		{34B14206-C48F-3166-AD0E-38050C28C1EF}.Release|x64.ActiveCfg = Release|x64
		{34B14206-C48F-3166-AD0E-38050C28C1EF}.MinSizeRel|x64.ActiveCfg = MinSizeRel|x64
		{34B14206-C48F-3166-AD0E-38050C28C1EF}.RelWithDebInfo|x64.ActiveCfg = RelWithDebInfo|x64
		{4AE13573-A9EF-3537-A786-D9C73A8D5ECC}.Debug|x64.ActiveCfg = Debug|x64
		{4AE13573-A9EF-3537-A786-D9C73A8D5ECC}.Release|x64.ActiveCfg = Release|x64
		{4AE13573-A9EF-3537-A786-D9C73A8D5ECC}.MinSizeRel|x64.ActiveCfg = MinSizeRel|x64
		{4AE13573-A9EF-3537-A786-D9C73A8D5ECC}.RelWithDebInfo|x64.ActiveCfg = RelWithDebInfo|x64
		{B5024D2D-A4E5-30AD-8F7E-B60336A0DA24}.Debug|x64.ActiveCfg = Debug|x64
		{B5024D2D-A4E5-30AD-8F7E-B60336A0DA24}.Debug|x64.Build.0 = Debug|x64
		{B5024D2D-A4E5-30AD-8F7E-B60336A0DA24}.Release|x64.ActiveCfg = Release|x64
		{B5024D2D-A4E5-30AD-8F7E-B60336A0DA24}.Release|x64.Build.0 = Release|x64
		{B5024D2D-A4E5-30AD-8F7E-B60336A0DA24}.MinSizeRel|x64.ActiveCfg = MinSizeRel|x64
		{B5024D2D-A4E5-30AD-8F7E-B60336A0DA24}.MinSizeRel|x64.Build.0 = MinSizeRel|x64
		{B5024D2D-A4E5-30AD-8F7E-B60336A0DA24}.RelWithDebInfo|x64.ActiveCfg = RelWithDebInfo|x64
		{B5024D2D-A4E5-30AD-8F7E-B60336A0DA24}.RelWithDebInfo|x64.Build.0 = RelWithDebInfo|x64
		{28F966D5-B26B-356E-9275-4AEF33582EC9}.Debug|x64.ActiveCfg = Debug|x64
		{28F966D5-B26B-356E-9275-4AEF33582EC9}.Debug|x64.Build.0 = Debug|x64
		{28F966D5-B26B-356E-9275-4AEF33582EC9}.Release|x64.ActiveCfg = Release|x64
		{28F966D5-B26B-356E-9275-4AEF33582EC9}.Release|x64.Build.0 = Release|x64
		{28F966D5-B26B-356E-9275-4AEF33582EC9}.MinSizeRel|x64.ActiveCfg = MinSizeRel|x64
		{28F966D5-B26B-356E-9275-4AEF33582EC9}.MinSizeRel|x64.Build.0 = MinSizeRel|x64
		{28F966D5-B26B-356E-9275-4AEF33582EC9}.RelWithDebInfo|x64.ActiveCfg = RelWithDebInfo|x64
		{28F966D5-B26B-356E-9275-4AEF33582EC9}.RelWithDebInfo|x64.Build.0 = RelWithDebInfo|x64
		{4E73B608-53E2-3364-B268-2694531B3AEB}.Debug|x64.ActiveCfg = Debug|x64
		{4E73B608-53E2-3364-B268-2694531B3AEB}.Debug|x64.Build.0 = Debug|x64
		{4E73B608-53E2-3364-B268-2694531B3AEB}.Release|x64.ActiveCfg = Release|x64
		{4E73B608-53E2-3364-B268-2694531B3AEB}.Release|x64.Build.0 = Release|x64
		{4E73B608-53E2-3364-B268-2694531B3AEB}.MinSizeRel|x64.ActiveCfg = MinSizeRel|x64
		{4E73B608-53E2-3364-B268-2694531B3AEB}.MinSizeRel|x64.Build.0 = MinSizeRel|x64
		{4E73B608-53E2-3364-B268-2694531B3AEB}.RelWithDebInfo|x64.ActiveCfg = RelWithDebInfo|x64
		{4E73B608-53E2-3364-B268-2694531B3AEB}.RelWithDebInfo|x64.Build.0 = RelWithDebInfo|x64
		{9C81C9B5-A73A-3456-978F-4F3FA5520B62}.Debug|x64.ActiveCfg = Debug|x64
		{9C81C9B5-A73A-3456-978F-4F3FA5520B62}.Debug|x64.Build.0 = Debug|x64
		{9C81C9B5-A73A-3456-978F-4F3FA5520B62}.Release|x64.ActiveCfg = Release|x64
		{9C81C9B5-A73A-3456-978F-4F3FA5520B62}.Release|x64.Build.0 = Release|x64
		{9C81C9B5-A73A-3456-978F-4F3FA5520B62}.MinSizeRel|x64.ActiveCfg = MinSizeRel|x64
		{9C81C9B5-A73A-3456-978F-4F3FA5520B62}.MinSizeRel|x64.Build.0 = MinSizeRel|x64
		{9C81C9B5-A73A-3456-978F-4F3FA5520B62}.RelWithDebInfo|x64.ActiveCfg = RelWithDebInfo|x64
		{9C81C9B5-A73A-3456-978F-4F3FA5520B62}.RelWithDebInfo|x64.Build.0 = RelWithDebInfo|x64
		{16C8D255-5CC8-3A1C-A7D1-E735725A0189}.Debug|x64.ActiveCfg = Debug|x64
		{16C8D255-5CC8-3A1C-A7D1-E735725A0189}.Debug|x64.Build.0 = Debug|x64
		{16C8D255-5CC8-3A1C-A7D1-E735725A0189}.Release|x64.ActiveCfg = Release|x64
		{16C8D255-5CC8-3A1C-A7D1-E735725A0189}.Release|x64.Build.0 = Release|x64
		{16C8D255-5CC8-3A1C-A7D1-E735725A0189}.MinSizeRel|x64.ActiveCfg = MinSizeRel|x64
		{16C8D255-5CC8-3A1C-A7D1-E735725A0189}.MinSizeRel|x64.Build.0 = MinSizeRel|x64
		{16C8D255-5CC8-3A1C-A7D1-E735725A0189}.RelWithDebInfo|x64.ActiveCfg = RelWithDebInfo|x64
		{16C8D255-5CC8-3A1C-A7D1-E735725A0189}.RelWithDebInfo|x64.Build.0 = RelWithDebInfo|x64
		{4F5013BD-BE80-365F-B358-79DCC13825AC}.Debug|x64.ActiveCfg = Debug|x64
		{4F5013BD-BE80-365F-B358-79DCC13825AC}.Debug|x64.Build.0 = Debug|x64
		{4F5013BD-BE80-365F-B358-79DCC13825AC}.Release|x64.ActiveCfg = Release|x64
		{4F5013BD-BE80-365F-B358-79DCC13825AC}.Release|x64.Build.0 = Release|x64
		{4F5013BD-BE80-365F-B358-79DCC13825AC}.MinSizeRel|x64.ActiveCfg = MinSizeRel|x64
		{4F5013BD-BE80-365F-B358-79DCC13825AC}.MinSizeRel|x64.Build.0 = MinSizeRel|x64
		{4F5013BD-BE80-365F-B358-79DCC13825AC}.RelWithDebInfo|x64.ActiveCfg = RelWithDebInfo|x64
		{4F5013BD-BE80-365F-B358-79DCC13825AC}.RelWithDebInfo|x64.Build.0 = RelWithDebInfo|x64
		{53DED3AE-1C42-36E4-B728-3A6A3C13D170}.Debug|x64.ActiveCfg = Debug|x64
		{53DED3AE-1C42-36E4-B728-3A6A3C13D170}.Debug|x64.Build.0 = Debug|x64
		{53DED3AE-1C42-36E4-B728-3A6A3C13D170}.Release|x64.ActiveCfg = Release|x64
		{53DED3AE-1C42-36E4-B728-3A6A3C13D170}.Release|x64.Build.0 = Release|x64
		{53DED3AE-1C42-36E4-B728-3A6A3C13D170}.MinSizeRel|x64.ActiveCfg = MinSizeRel|x64
		{53DED3AE-1C42-36E4-B728-3A6A3C13D170}.MinSizeRel|x64.Build.0 = MinSizeRel|x64
		{53DED3AE-1C42-36E4-B728-3A6A3C13D170}.RelWithDebInfo|x64.ActiveCfg = RelWithDebInfo|x64
		{53DED3AE-1C42-36E4-B728-3A6A3C13D170}.RelWithDebInfo|x64.Build.0 = RelWithDebInfo|x64
		{DD5A30C8-6937-3A7F-897D-E1B5A03F19F2}.Debug|x64.ActiveCfg = Debug|x64
		{DD5A30C8-6937-3A7F-897D-E1B5A03F19F2}.Debug|x64.Build.0 = Debug|x64
		{DD5A30C8-6937-3A7F-897D-E1B5A03F19F2}.Release|x64.ActiveCfg = Release|x64
		{DD5A30C8-6937-3A7F-897D-E1B5A03F19F2}.Release|x64.Build.0 = Release|x64
		{DD5A30C8-6937-3A7F-897D-E1B5A03F19F2}.MinSizeRel|x64.ActiveCfg = MinSizeRel|x64
		{DD5A30C8-6937-3A7F-897D-E1B5A03F19F2}.MinSizeRel|x64.Build.0 = MinSizeRel|x64
		{DD5A30C8-6937-3A7F-897D-E1B5A03F19F2}.RelWithDebInfo|x64.ActiveCfg = RelWithDebInfo|x64
		{DD5A30C8-6937-3A7F-897D-E1B5A03F19F2}.RelWithDebInfo|x64.Build.0 = RelWithDebInfo|x64
		{0EE43C79-AAB7-3822-9D22-F27F1E6C0828}.Debug|x64.ActiveCfg = Debug|x64
		{0EE43C79-AAB7-3822-9D22-F27F1E6C0828}.Debug|x64.Build.0 = Debug|x64
		{0EE43C79-AAB7-3822-9D22-F27F1E6C0828}.Release|x64.ActiveCfg = Release|x64
		{0EE43C79-AAB7-3822-9D22-F27F1E6C0828}.Release|x64.Build.0 = Release|x64
		{0EE43C79-AAB7-3822-9D22-F27F1E6C0828}.MinSizeRel|x64.ActiveCfg = MinSizeRel|x64
		{0EE43C79-AAB7-3822-9D22-F27F1E6C0828}.MinSizeRel|x64.Build.0 = MinSizeRel|x64
		{0EE43C79-AAB7-3822-9D22-F27F1E6C0828}.RelWithDebInfo|x64.ActiveCfg = RelWithDebInfo|x64
		{0EE43C79-AAB7-3822-9D22-F27F1E6C0828}.RelWithDebInfo|x64.Build.0 = RelWithDebInfo|x64
		{EBC79AD2-0E78-3E76-9EA4-C03B7AC57920}.Debug|x64.ActiveCfg = Debug|x64
		{EBC79AD2-0E78-3E76-9EA4-C03B7AC57920}.Release|x64.ActiveCfg = Release|x64
		{EBC79AD2-0E78-3E76-9EA4-C03B7AC57920}.MinSizeRel|x64.ActiveCfg = MinSizeRel|x64
		{EBC79AD2-0E78-3E76-9EA4-C03B7AC57920}.RelWithDebInfo|x64.ActiveCfg = RelWithDebInfo|x64
	EndGlobalSection
	GlobalSection(NestedProjects) = preSolution
		{CA75BB43-AA72-3958-A412-22AFCAFD368D} = {CF112D50-B2C5-3C30-9EEB-50C3CE9485EC}
		{34B14206-C48F-3166-AD0E-38050C28C1EF} = {CF112D50-B2C5-3C30-9EEB-50C3CE9485EC}
		{4AE13573-A9EF-3537-A786-D9C73A8D5ECC} = {CF112D50-B2C5-3C30-9EEB-50C3CE9485EC}
		{4F5013BD-BE80-365F-B358-79DCC13825AC} = {CF112D50-B2C5-3C30-9EEB-50C3CE9485EC}
		{0EE43C79-AAB7-3822-9D22-F27F1E6C0828} = {2E5F3A85-6FA9-3207-8ABF-0CFBA72597C8}
		{EBC79AD2-0E78-3E76-9EA4-C03B7AC57920} = {2E5F3A85-6FA9-3207-8ABF-0CFBA72597C8}
	EndGlobalSection
	GlobalSection(ExtensibilityGlobals) = postSolution
		SolutionGuid = {39E3C45A-72FC-37A6-B310-02D5F9FFADFF}
	EndGlobalSection
	GlobalSection(ExtensibilityAddIns) = postSolution
	EndGlobalSection
EndGlobal
