<?xml version="1.0" encoding="utf-8"?>
<Project ToolsVersion="17.0" xmlns="http://schemas.microsoft.com/developer/msbuild/2003">
  <ItemGroup>
    <ClCompile Include="D:\C++ Projects\AnitoTracerInVulkan\src\tracy-0.11.1\zstd\decompress\zstd_ddict.c">
      <Filter>Source Files</Filter>
    </ClCompile>
    <ClCompile Include="D:\C++ Projects\AnitoTracerInVulkan\src\tracy-0.11.1\zstd\decompress\zstd_decompress_block.c">
      <Filter>Source Files</Filter>
    </ClCompile>
    <ClCompile Include="D:\C++ Projects\AnitoTracerInVulkan\src\tracy-0.11.1\zstd\decompress\huf_decompress.c">
      <Filter>Source Files</Filter>
    </ClCompile>
    <ClCompile Include="D:\C++ Projects\AnitoTracerInVulkan\src\tracy-0.11.1\zstd\decompress\zstd_decompress.c">
      <Filter>Source Files</Filter>
    </ClCompile>
    <ClCompile Include="D:\C++ Projects\AnitoTracerInVulkan\src\tracy-0.11.1\zstd\common\zstd_common.c">
      <Filter>Source Files</Filter>
    </ClCompile>
    <ClCompile Include="D:\C++ Projects\AnitoTracerInVulkan\src\tracy-0.11.1\zstd\common\error_private.c">
      <Filter>Source Files</Filter>
    </ClCompile>
    <ClCompile Include="D:\C++ Projects\AnitoTracerInVulkan\src\tracy-0.11.1\zstd\common\xxhash.c">
      <Filter>Source Files</Filter>
    </ClCompile>
    <ClCompile Include="D:\C++ Projects\AnitoTracerInVulkan\src\tracy-0.11.1\zstd\common\entropy_common.c">
      <Filter>Source Files</Filter>
    </ClCompile>
    <ClCompile Include="D:\C++ Projects\AnitoTracerInVulkan\src\tracy-0.11.1\zstd\common\debug.c">
      <Filter>Source Files</Filter>
    </ClCompile>
    <ClCompile Include="D:\C++ Projects\AnitoTracerInVulkan\src\tracy-0.11.1\zstd\common\threading.c">
      <Filter>Source Files</Filter>
    </ClCompile>
    <ClCompile Include="D:\C++ Projects\AnitoTracerInVulkan\src\tracy-0.11.1\zstd\common\pool.c">
      <Filter>Source Files</Filter>
    </ClCompile>
    <ClCompile Include="D:\C++ Projects\AnitoTracerInVulkan\src\tracy-0.11.1\zstd\common\fse_decompress.c">
      <Filter>Source Files</Filter>
    </ClCompile>
    <ClCompile Include="D:\C++ Projects\AnitoTracerInVulkan\src\tracy-0.11.1\zstd\compress\zstd_ldm.c">
      <Filter>Source Files</Filter>
    </ClCompile>
    <ClCompile Include="D:\C++ Projects\AnitoTracerInVulkan\src\tracy-0.11.1\zstd\compress\zstd_compress_superblock.c">
      <Filter>Source Files</Filter>
    </ClCompile>
    <ClCompile Include="D:\C++ Projects\AnitoTracerInVulkan\src\tracy-0.11.1\zstd\compress\zstd_opt.c">
      <Filter>Source Files</Filter>
    </ClCompile>
    <ClCompile Include="D:\C++ Projects\AnitoTracerInVulkan\src\tracy-0.11.1\zstd\compress\zstd_compress_sequences.c">
      <Filter>Source Files</Filter>
    </ClCompile>
    <ClCompile Include="D:\C++ Projects\AnitoTracerInVulkan\src\tracy-0.11.1\zstd\compress\fse_compress.c">
      <Filter>Source Files</Filter>
    </ClCompile>
    <ClCompile Include="D:\C++ Projects\AnitoTracerInVulkan\src\tracy-0.11.1\zstd\compress\zstd_double_fast.c">
      <Filter>Source Files</Filter>
    </ClCompile>
    <ClCompile Include="D:\C++ Projects\AnitoTracerInVulkan\src\tracy-0.11.1\zstd\compress\zstd_compress.c">
      <Filter>Source Files</Filter>
    </ClCompile>
    <ClCompile Include="D:\C++ Projects\AnitoTracerInVulkan\src\tracy-0.11.1\zstd\compress\zstd_compress_literals.c">
      <Filter>Source Files</Filter>
    </ClCompile>
    <ClCompile Include="D:\C++ Projects\AnitoTracerInVulkan\src\tracy-0.11.1\zstd\compress\hist.c">
      <Filter>Source Files</Filter>
    </ClCompile>
    <ClCompile Include="D:\C++ Projects\AnitoTracerInVulkan\src\tracy-0.11.1\zstd\compress\zstdmt_compress.c">
      <Filter>Source Files</Filter>
    </ClCompile>
    <ClCompile Include="D:\C++ Projects\AnitoTracerInVulkan\src\tracy-0.11.1\zstd\compress\zstd_lazy.c">
      <Filter>Source Files</Filter>
    </ClCompile>
    <ClCompile Include="D:\C++ Projects\AnitoTracerInVulkan\src\tracy-0.11.1\zstd\compress\huf_compress.c">
      <Filter>Source Files</Filter>
    </ClCompile>
    <ClCompile Include="D:\C++ Projects\AnitoTracerInVulkan\src\tracy-0.11.1\zstd\compress\zstd_fast.c">
      <Filter>Source Files</Filter>
    </ClCompile>
    <ClCompile Include="D:\C++ Projects\AnitoTracerInVulkan\src\tracy-0.11.1\zstd\dictBuilder\zdict.c">
      <Filter>Source Files</Filter>
    </ClCompile>
    <ClCompile Include="D:\C++ Projects\AnitoTracerInVulkan\src\tracy-0.11.1\zstd\dictBuilder\cover.c">
      <Filter>Source Files</Filter>
    </ClCompile>
    <ClCompile Include="D:\C++ Projects\AnitoTracerInVulkan\src\tracy-0.11.1\zstd\dictBuilder\divsufsort.c">
      <Filter>Source Files</Filter>
    </ClCompile>
    <ClCompile Include="D:\C++ Projects\AnitoTracerInVulkan\src\tracy-0.11.1\zstd\dictBuilder\fastcover.c">
      <Filter>Source Files</Filter>
    </ClCompile>
  </ItemGroup>
  <ItemGroup>
    <CustomBuild Include="D:\C++ Projects\AnitoTracerInVulkan\src\tracy-0.11.1\profiler\CMakeLists.txt" />
  </ItemGroup>
  <ItemGroup>
    <Filter Include="Source Files">
      <UniqueIdentifier>{0B7AE7B2-D2CE-3785-AB4C-58A3789B0D2B}</UniqueIdentifier>
    </Filter>
  </ItemGroup>
</Project>
